
Microsoft Visual Studio Solution File, Format Version 12.00
# Visual Studio 2012
Project("{8BC9CEB8-8B4A-11D0-8D11-00A0C91BC942}") = "Exercise", "Exercise\Exercise.vcxproj", "{8A90284D-81E3-463F-AE45-1626BDA9F36F}"
EndProject
Global
	GlobalSection(SolutionConfigurationPlatforms) = preSolution
		Debug|Win32 = Debug|Win32
		Release|Win32 = Release|Win32
	EndGlobalSection
	GlobalSection(ProjectConfigurationPlatforms) = postSolution
		{8A90284D-81E3-463F-AE45-1626BDA9F36F}.Debug|Win32.ActiveCfg = Debug|Win32
		{8A90284D-81E3-463F-AE45-1626BDA9F36F}.Debug|Win32.Build.0 = Debug|Win32
		{8A90284D-81E3-463F-AE45-1626BDA9F36F}.Release|Win32.ActiveCfg = Release|Win32
		{8A90284D-81E3-463F-AE45-1626BDA9F36F}.Release|Win32.Build.0 = Release|Win32
	EndGlobalSection
	GlobalSection(SolutionProperties) = preSolution
		HideSolutionNode = FALSE
	EndGlobalSection
EndGlobal
